
Microsoft Visual Studio Solution File, Format Version 12.00
# Visual Studio Version 17
VisualStudioVersion = 17.8.34316.72
MinimumVisualStudioVersion = 10.0.40219.1
Project("{FAE04EC0-301F-11D3-BF4B-00C04F79EFBC}") = "AddressService", "AddressService\AddressService.csproj", "{CC27C282-C8D0-414C-BCAD-757F8D805F25}"
EndProject
Global
	GlobalSection(SolutionConfigurationPlatforms) = preSolution
		Debug|Any CPU = Debug|Any CPU
		Release|Any CPU = Release|Any CPU
	EndGlobalSection
	GlobalSection(ProjectConfigurationPlatforms) = postSolution
		{CC27C282-C8D0-414C-BCAD-757F8D805F25}.Debug|Any CPU.ActiveCfg = Debug|Any CPU
		{CC27C282-C8D0-414C-BCAD-757F8D805F25}.Debug|Any CPU.Build.0 = Debug|Any CPU
		{CC27C282-C8D0-414C-BCAD-757F8D805F25}.Release|Any CPU.ActiveCfg = Release|Any CPU
		{CC27C282-C8D0-414C-BCAD-757F8D805F25}.Release|Any CPU.Build.0 = Release|Any CPU
	EndGlobalSection
	GlobalSection(SolutionProperties) = preSolution
		HideSolutionNode = FALSE
	EndGlobalSection
	GlobalSection(ExtensibilityGlobals) = postSolution
		SolutionGuid = {DBF1803A-78DA-4D8B-B19F-61E8A2B54CC8}
	EndGlobalSection
EndGlobal
